
Microsoft Visual Studio Solution File, Format Version 12.00
# Visual Studio Version 17
VisualStudioVersion = 17.14.36511.14
MinimumVisualStudioVersion = 10.0.40219.1
Project("{54A90642-561A-4BB1-A94E-469ADEE60C69}") = "srv", "srv\srv.esproj", "{B6653670-937A-FD82-8420-66A1C2390AED}"
EndProject
Global
	GlobalSection(SolutionConfigurationPlatforms) = preSolution
		Debug|Any CPU = Debug|Any CPU
		Release|Any CPU = Release|Any CPU
	EndGlobalSection
	GlobalSection(ProjectConfigurationPlatforms) = postSolution
		{B6653670-937A-FD82-8420-66A1C2390AED}.Debug|Any CPU.ActiveCfg = Debug|Any CPU
		{B6653670-937A-FD82-8420-66A1C2390AED}.Debug|Any CPU.Build.0 = Debug|Any CPU
		{B6653670-937A-FD82-8420-66A1C2390AED}.Debug|Any CPU.Deploy.0 = Debug|Any CPU
		{B6653670-937A-FD82-8420-66A1C2390AED}.Release|Any CPU.ActiveCfg = Release|Any CPU
		{B6653670-937A-FD82-8420-66A1C2390AED}.Release|Any CPU.Build.0 = Release|Any CPU
		{B6653670-937A-FD82-8420-66A1C2390AED}.Release|Any CPU.Deploy.0 = Release|Any CPU
	EndGlobalSection
	GlobalSection(SolutionProperties) = preSolution
		HideSolutionNode = FALSE
	EndGlobalSection
	GlobalSection(ExtensibilityGlobals) = postSolution
		SolutionGuid = {1BBB1E14-DAA2-4AEA-A08F-195A318014BB}
	EndGlobalSection
EndGlobal
